
Microsoft Visual Studio Solution File, Format Version 12.00
# Visual Studio Version 17
VisualStudioVersion = 17.0.31919.166
MinimumVisualStudioVersion = 10.0.40219.1
Project("{FAE04EC0-301F-11D3-BF4B-00C04F79EFBC}") = "DBEFApp", "DBEFApp\DBEFApp.csproj", "{C051683C-3B28-424D-88BD-B7E0279DDD4E}"
EndProject
Project("{FAE04EC0-301F-11D3-BF4B-00C04F79EFBC}") = "Data", "Data\Data.csproj", "{3A20D27B-7A8D-4A59-846F-9610E49D63A4}"
EndProject
Global
	GlobalSection(SolutionConfigurationPlatforms) = preSolution
		Debug|Any CPU = Debug|Any CPU
		Release|Any CPU = Release|Any CPU
	EndGlobalSection
	GlobalSection(ProjectConfigurationPlatforms) = postSolution
		{C051683C-3B28-424D-88BD-B7E0279DDD4E}.Debug|Any CPU.ActiveCfg = Debug|Any CPU
		{C051683C-3B28-424D-88BD-B7E0279DDD4E}.Debug|Any CPU.Build.0 = Debug|Any CPU
		{C051683C-3B28-424D-88BD-B7E0279DDD4E}.Release|Any CPU.ActiveCfg = Release|Any CPU
		{C051683C-3B28-424D-88BD-B7E0279DDD4E}.Release|Any CPU.Build.0 = Release|Any CPU
		{3A20D27B-7A8D-4A59-846F-9610E49D63A4}.Debug|Any CPU.ActiveCfg = Debug|Any CPU
		{3A20D27B-7A8D-4A59-846F-9610E49D63A4}.Debug|Any CPU.Build.0 = Debug|Any CPU
		{3A20D27B-7A8D-4A59-846F-9610E49D63A4}.Release|Any CPU.ActiveCfg = Release|Any CPU
		{3A20D27B-7A8D-4A59-846F-9610E49D63A4}.Release|Any CPU.Build.0 = Release|Any CPU
	EndGlobalSection
	GlobalSection(SolutionProperties) = preSolution
		HideSolutionNode = FALSE
	EndGlobalSection
	GlobalSection(ExtensibilityGlobals) = postSolution
		SolutionGuid = {1C5731CB-877F-4B08-BC61-983A8DF732FC}
	EndGlobalSection
EndGlobal
